
Microsoft Visual Studio Solution File, Format Version 12.00
# Visual Studio Version 17
VisualStudioVersion = 17.10.35122.118
MinimumVisualStudioVersion = 10.0.40219.1
Project("{FAE04EC0-301F-11D3-BF4B-00C04F79EFBC}") = "Simulacion_Semaforos", "Simulacion_Semaforos\Simulacion_Semaforos.csproj", "{8BE3DCA8-3C20-4379-8748-299A8422A9AD}"
EndProject
Global
	GlobalSection(SolutionConfigurationPlatforms) = preSolution
		Debug|Any CPU = Debug|Any CPU
		Release|Any CPU = Release|Any CPU
	EndGlobalSection
	GlobalSection(ProjectConfigurationPlatforms) = postSolution
		{8BE3DCA8-3C20-4379-8748-299A8422A9AD}.Debug|Any CPU.ActiveCfg = Debug|Any CPU
		{8BE3DCA8-3C20-4379-8748-299A8422A9AD}.Debug|Any CPU.Build.0 = Debug|Any CPU
		{8BE3DCA8-3C20-4379-8748-299A8422A9AD}.Release|Any CPU.ActiveCfg = Release|Any CPU
		{8BE3DCA8-3C20-4379-8748-299A8422A9AD}.Release|Any CPU.Build.0 = Release|Any CPU
	EndGlobalSection
	GlobalSection(SolutionProperties) = preSolution
		HideSolutionNode = FALSE
	EndGlobalSection
	GlobalSection(ExtensibilityGlobals) = postSolution
		SolutionGuid = {118B6822-4288-4758-B35D-CB29A892959A}
	EndGlobalSection
EndGlobal
